
Microsoft Visual Studio Solution File, Format Version 12.00
# Visual Studio Version 17
VisualStudioVersion = 17.9.34701.34
MinimumVisualStudioVersion = 10.0.40219.1
Project("{FAE04EC0-301F-11D3-BF4B-00C04F79EFBC}") = "CodingChallenge24", "CodingChallenge24\CodingChallenge24.csproj", "{819A6996-3E0E-4B93-A1DE-BEADF25F8235}"
EndProject
Global
	GlobalSection(SolutionConfigurationPlatforms) = preSolution
		Debug|Any CPU = Debug|Any CPU
		Release|Any CPU = Release|Any CPU
	EndGlobalSection
	GlobalSection(ProjectConfigurationPlatforms) = postSolution
		{819A6996-3E0E-4B93-A1DE-BEADF25F8235}.Debug|Any CPU.ActiveCfg = Debug|Any CPU
		{819A6996-3E0E-4B93-A1DE-BEADF25F8235}.Debug|Any CPU.Build.0 = Debug|Any CPU
		{819A6996-3E0E-4B93-A1DE-BEADF25F8235}.Release|Any CPU.ActiveCfg = Release|Any CPU
		{819A6996-3E0E-4B93-A1DE-BEADF25F8235}.Release|Any CPU.Build.0 = Release|Any CPU
	EndGlobalSection
	GlobalSection(SolutionProperties) = preSolution
		HideSolutionNode = FALSE
	EndGlobalSection
	GlobalSection(ExtensibilityGlobals) = postSolution
		SolutionGuid = {1A3F8EDC-2D30-4D21-A877-7277EDF384F1}
	EndGlobalSection
EndGlobal
